
Microsoft Visual Studio Solution File, Format Version 12.00
# Visual Studio 14
VisualStudioVersion = 14.0.25420.1
MinimumVisualStudioVersion = 10.0.40219.1
Project("{2150E333-8FDC-42A3-9474-1A3956D46DE8}") = "src", "src", "{F8D92B02-CA84-42A4-BAE6-836037B3808C}"
EndProject
Project("{2150E333-8FDC-42A3-9474-1A3956D46DE8}") = "Solution Items", "Solution Items", "{B82B9551-699F-475E-9D4E-CDEAFD68C47B}"
	ProjectSection(SolutionItems) = preProject
		global.json = global.json
	EndProjectSection
EndProject
Project("{8BB2217D-0F2D-49D1-97BC-3654ED321F3B}") = "TableStorage", "src\TableStorage\TableStorage.xproj", "{357F5D09-C3D8-4C82-8E61-64E79CE1214A}"
EndProject
Global
	GlobalSection(SolutionConfigurationPlatforms) = preSolution
		Debug|Any CPU = Debug|Any CPU
		Release|Any CPU = Release|Any CPU
	EndGlobalSection
	GlobalSection(ProjectConfigurationPlatforms) = postSolution
		{357F5D09-C3D8-4C82-8E61-64E79CE1214A}.Debug|Any CPU.ActiveCfg = Debug|Any CPU
		{357F5D09-C3D8-4C82-8E61-64E79CE1214A}.Debug|Any CPU.Build.0 = Debug|Any CPU
		{357F5D09-C3D8-4C82-8E61-64E79CE1214A}.Release|Any CPU.ActiveCfg = Release|Any CPU
		{357F5D09-C3D8-4C82-8E61-64E79CE1214A}.Release|Any CPU.Build.0 = Release|Any CPU
	EndGlobalSection
	GlobalSection(SolutionProperties) = preSolution
		HideSolutionNode = FALSE
	EndGlobalSection
	GlobalSection(NestedProjects) = preSolution
		{357F5D09-C3D8-4C82-8E61-64E79CE1214A} = {F8D92B02-CA84-42A4-BAE6-836037B3808C}
	EndGlobalSection
EndGlobal
